// !$*UTF8*$!
{
	archiveVersion = 1;
	classes = {
	};
	objectVersion = 50;
	objects = {

/* Begin PBXBuildFile section */
		A59FE63926C7CBA1005F2BCC /* TetopiApp.swift in Sources */ = {isa = PBXBuildFile; fileRef = A59FE63826C7CBA1005F2BCC /* TetopiApp.swift */; };
		A59FE63B26C7CBA1005F2BCC /* ContentView.swift in Sources */ = {isa = PBXBuildFile; fileRef = A59FE63A26C7CBA1005F2BCC /* ContentView.swift */; };
		A59FE63D26C7CBA4005F2BCC /* Assets.xcassets in Resources */ = {isa = PBXBuildFile; fileRef = A59FE63C26C7CBA4005F2BCC /* Assets.xcassets */; };
		A59FE64026C7CBA4005F2BCC /* Preview Assets.xcassets in Resources */ = {isa = PBXBuildFile; fileRef = A59FE63F26C7CBA4005F2BCC /* Preview Assets.xcassets */; };
		A59FE64B26C7CBA4005F2BCC /* TetopiTests.swift in Sources */ = {isa = PBXBuildFile; fileRef = A59FE64A26C7CBA4005F2BCC /* TetopiTests.swift */; };
		A59FE65626C7CBA4005F2BCC /* TetopiUITests.swift in Sources */ = {isa = PBXBuildFile; fileRef = A59FE65526C7CBA4005F2BCC /* TetopiUITests.swift */; };
/* End PBXBuildFile section */

/* Begin PBXContainerItemProxy section */
		A59FE64726C7CBA4005F2BCC /* PBXContainerItemProxy */ = {
			isa = PBXContainerItemProxy;
			containerPortal = A59FE62D26C7CBA1005F2BCC /* Project object */;
			proxyType = 1;
			remoteGlobalIDString = A59FE63426C7CBA1005F2BCC;
			remoteInfo = Tetopi;
		};
		A59FE65226C7CBA4005F2BCC /* PBXContainerItemProxy */ = {
			isa = PBXContainerItemProxy;
			containerPortal = A59FE62D26C7CBA1005F2BCC /* Project object */;
			proxyType = 1;
			remoteGlobalIDString = A59FE63426C7CBA1005F2BCC;
			remoteInfo = Tetopi;
		};
/* End PBXContainerItemProxy section */

/* Begin PBXFileReference section */
		A59FE63526C7CBA1005F2BCC /* Tetopi.app */ = {isa = PBXFileReference; explicitFileType = wrapper.application; includeInIndex = 0; path = Tetopi.app; sourceTree = BUILT_PRODUCTS_DIR; };
		A59FE63826C7CBA1005F2BCC /* TetopiApp.swift */ = {isa = PBXFileReference; lastKnownFileType = sourcecode.swift; path = TetopiApp.swift; sourceTree = "<group>"; };
		A59FE63A26C7CBA1005F2BCC /* ContentView.swift */ = {isa = PBXFileReference; lastKnownFileType = sourcecode.swift; path = ContentView.swift; sourceTree = "<group>"; };
		A59FE63C26C7CBA4005F2BCC /* Assets.xcassets */ = {isa = PBXFileReference; lastKnownFileType = folder.assetcatalog; path = Assets.xcassets; sourceTree = "<group>"; };
		A59FE63F26C7CBA4005F2BCC /* Preview Assets.xcassets */ = {isa = PBXFileReference; lastKnownFileType = folder.assetcatalog; path = "Preview Assets.xcassets"; sourceTree = "<group>"; };
		A59FE64126C7CBA4005F2BCC /* Info.plist */ = {isa = PBXFileReference; lastKnownFileType = text.plist.xml; path = Info.plist; sourceTree = "<group>"; };
		A59FE64626C7CBA4005F2BCC /* TetopiTests.xctest */ = {isa = PBXFileReference; explicitFileType = wrapper.cfbundle; includeInIndex = 0; path = TetopiTests.xctest; sourceTree = BUILT_PRODUCTS_DIR; };
		A59FE64A26C7CBA4005F2BCC /* TetopiTests.swift */ = {isa = PBXFileReference; lastKnownFileType = sourcecode.swift; path = TetopiTests.swift; sourceTree = "<group>"; };
		A59FE64C26C7CBA4005F2BCC /* Info.plist */ = {isa = PBXFileReference; lastKnownFileType = text.plist.xml; path = Info.plist; sourceTree = "<group>"; };
		A59FE65126C7CBA4005F2BCC /* TetopiUITests.xctest */ = {isa = PBXFileReference; explicitFileType = wrapper.cfbundle; includeInIndex = 0; path = TetopiUITests.xctest; sourceTree = BUILT_PRODUCTS_DIR; };
		A59FE65526C7CBA4005F2BCC /* TetopiUITests.swift */ = {isa = PBXFileReference; lastKnownFileType = sourcecode.swift; path = TetopiUITests.swift; sourceTree = "<group>"; };
		A59FE65726C7CBA4005F2BCC /* Info.plist */ = {isa = PBXFileReference; lastKnownFileType = text.plist.xml; path = Info.plist; sourceTree = "<group>"; };
/* End PBXFileReference section */

/* Begin PBXFrameworksBuildPhase section */
		A59FE63226C7CBA1005F2BCC /* Frameworks */ = {
			isa = PBXFrameworksBuildPhase;
			buildActionMask = 2147483647;
			files = (
			);
			runOnlyForDeploymentPostprocessing = 0;
		};
		A59FE64326C7CBA4005F2BCC /* Frameworks */ = {
			isa = PBXFrameworksBuildPhase;
			buildActionMask = 2147483647;
			files = (
			);
			runOnlyForDeploymentPostprocessing = 0;
		};
		A59FE64E26C7CBA4005F2BCC /* Frameworks */ = {
			isa = PBXFrameworksBuildPhase;
			buildActionMask = 2147483647;
			files = (
			);
			runOnlyForDeploymentPostprocessing = 0;
		};
/* End PBXFrameworksBuildPhase section */

/* Begin PBXGroup section */
		A59FE62C26C7CBA1005F2BCC = {
			isa = PBXGroup;
			children = (
				A59FE63726C7CBA1005F2BCC /* Tetopi */,
				A59FE64926C7CBA4005F2BCC /* TetopiTests */,
				A59FE65426C7CBA4005F2BCC /* TetopiUITests */,
				A59FE63626C7CBA1005F2BCC /* Products */,
			);
			sourceTree = "<group>";
		};
		A59FE63626C7CBA1005F2BCC /* Products */ = {
			isa = PBXGroup;
			children = (
				A59FE63526C7CBA1005F2BCC /* Tetopi.app */,
				A59FE64626C7CBA4005F2BCC /* TetopiTests.xctest */,
				A59FE65126C7CBA4005F2BCC /* TetopiUITests.xctest */,
			);
			name = Products;
			sourceTree = "<group>";
		};
		A59FE63726C7CBA1005F2BCC /* Tetopi */ = {
			isa = PBXGroup;
			children = (
				A59FE63826C7CBA1005F2BCC /* TetopiApp.swift */,
				A59FE63A26C7CBA1005F2BCC /* ContentView.swift */,
				A59FE63C26C7CBA4005F2BCC /* Assets.xcassets */,
				A59FE64126C7CBA4005F2BCC /* Info.plist */,
				A59FE63E26C7CBA4005F2BCC /* Preview Content */,
			);
			path = Tetopi;
			sourceTree = "<group>";
		};
		A59FE63E26C7CBA4005F2BCC /* Preview Content */ = {
			isa = PBXGroup;
			children = (
				A59FE63F26C7CBA4005F2BCC /* Preview Assets.xcassets */,
			);
			path = "Preview Content";
			sourceTree = "<group>";
		};
		A59FE64926C7CBA4005F2BCC /* TetopiTests */ = {
			isa = PBXGroup;
			children = (
				A59FE64A26C7CBA4005F2BCC /* TetopiTests.swift */,
				A59FE64C26C7CBA4005F2BCC /* Info.plist */,
			);
			path = TetopiTests;
			sourceTree = "<group>";
		};
		A59FE65426C7CBA4005F2BCC /* TetopiUITests */ = {
			isa = PBXGroup;
			children = (
				A59FE65526C7CBA4005F2BCC /* TetopiUITests.swift */,
				A59FE65726C7CBA4005F2BCC /* Info.plist */,
			);
			path = TetopiUITests;
			sourceTree = "<group>";
		};
/* End PBXGroup section */

/* Begin PBXNativeTarget section */
		A59FE63426C7CBA1005F2BCC /* Tetopi */ = {
			isa = PBXNativeTarget;
			buildConfigurationList = A59FE65A26C7CBA4005F2BCC /* Build configuration list for PBXNativeTarget "Tetopi" */;
			buildPhases = (
				A59FE63126C7CBA1005F2BCC /* Sources */,
				A59FE63226C7CBA1005F2BCC /* Frameworks */,
				A59FE63326C7CBA1005F2BCC /* Resources */,
			);
			buildRules = (
			);
			dependencies = (
			);
			name = Tetopi;
			productName = Tetopi;
			productReference = A59FE63526C7CBA1005F2BCC /* Tetopi.app */;
			productType = "com.apple.product-type.application";
		};
		A59FE64526C7CBA4005F2BCC /* TetopiTests */ = {
			isa = PBXNativeTarget;
			buildConfigurationList = A59FE65D26C7CBA4005F2BCC /* Build configuration list for PBXNativeTarget "TetopiTests" */;
			buildPhases = (
				A59FE64226C7CBA4005F2BCC /* Sources */,
				A59FE64326C7CBA4005F2BCC /* Frameworks */,
				A59FE64426C7CBA4005F2BCC /* Resources */,
			);
			buildRules = (
			);
			dependencies = (
				A59FE64826C7CBA4005F2BCC /* PBXTargetDependency */,
			);
			name = TetopiTests;
			productName = TetopiTests;
			productReference = A59FE64626C7CBA4005F2BCC /* TetopiTests.xctest */;
			productType = "com.apple.product-type.bundle.unit-test";
		};
		A59FE65026C7CBA4005F2BCC /* TetopiUITests */ = {
			isa = PBXNativeTarget;
			buildConfigurationList = A59FE66026C7CBA4005F2BCC /* Build configuration list for PBXNativeTarget "TetopiUITests" */;
			buildPhases = (
				A59FE64D26C7CBA4005F2BCC /* Sources */,
				A59FE64E26C7CBA4005F2BCC /* Frameworks */,
				A59FE64F26C7CBA4005F2BCC /* Resources */,
			);
			buildRules = (
			);
			dependencies = (
				A59FE65326C7CBA4005F2BCC /* PBXTargetDependency */,
			);
			name = TetopiUITests;
			productName = TetopiUITests;
			productReference = A59FE65126C7CBA4005F2BCC /* TetopiUITests.xctest */;
			productType = "com.apple.product-type.bundle.ui-testing";
		};
/* End PBXNativeTarget section */

/* Begin PBXProject section */
		A59FE62D26C7CBA1005F2BCC /* Project object */ = {
			isa = PBXProject;
			attributes = {
				LastSwiftUpdateCheck = 1250;
				LastUpgradeCheck = 1250;
				TargetAttributes = {
					A59FE63426C7CBA1005F2BCC = {
						CreatedOnToolsVersion = 12.5.1;
					};
					A59FE64526C7CBA4005F2BCC = {
						CreatedOnToolsVersion = 12.5.1;
						TestTargetID = A59FE63426C7CBA1005F2BCC;
					};
					A59FE65026C7CBA4005F2BCC = {
						CreatedOnToolsVersion = 12.5.1;
						TestTargetID = A59FE63426C7CBA1005F2BCC;
					};
				};
			};
			buildConfigurationList = A59FE63026C7CBA1005F2BCC /* Build configuration list for PBXProject "Tetopi" */;
			compatibilityVersion = "Xcode 9.3";
			developmentRegion = en;
			hasScannedForEncodings = 0;
			knownRegions = (
				en,
				Base,
			);
			mainGroup = A59FE62C26C7CBA1005F2BCC;
			productRefGroup = A59FE63626C7CBA1005F2BCC /* Products */;
			projectDirPath = "";
			projectRoot = "";
			targets = (
				A59FE63426C7CBA1005F2BCC /* Tetopi */,
				A59FE64526C7CBA4005F2BCC /* TetopiTests */,
				A59FE65026C7CBA4005F2BCC /* TetopiUITests */,
			);
		};
/* End PBXProject section */

/* Begin PBXResourcesBuildPhase section */
		A59FE63326C7CBA1005F2BCC /* Resources */ = {
			isa = PBXResourcesBuildPhase;
			buildActionMask = 2147483647;
			files = (
				A59FE64026C7CBA4005F2BCC /* Preview Assets.xcassets in Resources */,
				A59FE63D26C7CBA4005F2BCC /* Assets.xcassets in Resources */,
			);
			runOnlyForDeploymentPostprocessing = 0;
		};
		A59FE64426C7CBA4005F2BCC /* Resources */ = {
			isa = PBXResourcesBuildPhase;
			buildActionMask = 2147483647;
			files = (
			);
			runOnlyForDeploymentPostprocessing = 0;
		};
		A59FE64F26C7CBA4005F2BCC /* Resources */ = {
			isa = PBXResourcesBuildPhase;
			buildActionMask = 2147483647;
			files = (
			);
			runOnlyForDeploymentPostprocessing = 0;
		};
/* End PBXResourcesBuildPhase section */

/* Begin PBXSourcesBuildPhase section */
		A59FE63126C7CBA1005F2BCC /* Sources */ = {
			isa = PBXSourcesBuildPhase;
			buildActionMask = 2147483647;
			files = (
				A59FE63B26C7CBA1005F2BCC /* ContentView.swift in Sources */,
				A59FE63926C7CBA1005F2BCC /* TetopiApp.swift in Sources */,
			);
			runOnlyForDeploymentPostprocessing = 0;
		};
		A59FE64226C7CBA4005F2BCC /* Sources */ = {
			isa = PBXSourcesBuildPhase;
			buildActionMask = 2147483647;
			files = (
				A59FE64B26C7CBA4005F2BCC /* TetopiTests.swift in Sources */,
			);
			runOnlyForDeploymentPostprocessing = 0;
		};
		A59FE64D26C7CBA4005F2BCC /* Sources */ = {
			isa = PBXSourcesBuildPhase;
			buildActionMask = 2147483647;
			files = (
				A59FE65626C7CBA4005F2BCC /* TetopiUITests.swift in Sources */,
			);
			runOnlyForDeploymentPostprocessing = 0;
		};
/* End PBXSourcesBuildPhase section */

/* Begin PBXTargetDependency section */
		A59FE64826C7CBA4005F2BCC /* PBXTargetDependency */ = {
			isa = PBXTargetDependency;
			target = A59FE63426C7CBA1005F2BCC /* Tetopi */;
			targetProxy = A59FE64726C7CBA4005F2BCC /* PBXContainerItemProxy */;
		};
		A59FE65326C7CBA4005F2BCC /* PBXTargetDependency */ = {
			isa = PBXTargetDependency;
			target = A59FE63426C7CBA1005F2BCC /* Tetopi */;
			targetProxy = A59FE65226C7CBA4005F2BCC /* PBXContainerItemProxy */;
		};
/* End PBXTargetDependency section */

/* Begin XCBuildConfiguration section */
		A59FE65826C7CBA4005F2BCC /* Debug */ = {
			isa = XCBuildConfiguration;
			buildSettings = {
				ALWAYS_SEARCH_USER_PATHS = NO;
				CLANG_ANALYZER_NONNULL = YES;
				CLANG_ANALYZER_NUMBER_OBJECT_CONVERSION = YES_AGGRESSIVE;
				CLANG_CXX_LANGUAGE_STANDARD = "gnu++14";
				CLANG_CXX_LIBRARY = "libc++";
				CLANG_ENABLE_MODULES = YES;
				CLANG_ENABLE_OBJC_ARC = YES;
				CLANG_ENABLE_OBJC_WEAK = YES;
				CLANG_WARN_BLOCK_CAPTURE_AUTORELEASING = YES;
				CLANG_WARN_BOOL_CONVERSION = YES;
				CLANG_WARN_COMMA = YES;
				CLANG_WARN_CONSTANT_CONVERSION = YES;
				CLANG_WARN_DEPRECATED_OBJC_IMPLEMENTATIONS = YES;
				CLANG_WARN_DIRECT_OBJC_ISA_USAGE = YES_ERROR;
				CLANG_WARN_DOCUMENTATION_COMMENTS = YES;
				CLANG_WARN_EMPTY_BODY = YES;
				CLANG_WARN_ENUM_CONVERSION = YES;
				CLANG_WARN_INFINITE_RECURSION = YES;
				CLANG_WARN_INT_CONVERSION = YES;
				CLANG_WARN_NON_LITERAL_NULL_CONVERSION = YES;
				CLANG_WARN_OBJC_IMPLICIT_RETAIN_SELF = YES;
				CLANG_WARN_OBJC_LITERAL_CONVERSION = YES;
				CLANG_WARN_OBJC_ROOT_CLASS = YES_ERROR;
				CLANG_WARN_QUOTED_INCLUDE_IN_FRAMEWORK_HEADER = YES;
				CLANG_WARN_RANGE_LOOP_ANALYSIS = YES;
				CLANG_WARN_STRICT_PROTOTYPES = YES;
				CLANG_WARN_SUSPICIOUS_MOVE = YES;
				CLANG_WARN_UNGUARDED_AVAILABILITY = YES_AGGRESSIVE;
				CLANG_WARN_UNREACHABLE_CODE = YES;
				CLANG_WARN__DUPLICATE_METHOD_MATCH = YES;
				COPY_PHASE_STRIP = NO;
				DEBUG_INFORMATION_FORMAT = dwarf;
				ENABLE_STRICT_OBJC_MSGSEND = YES;
				ENABLE_TESTABILITY = YES;
				GCC_C_LANGUAGE_STANDARD = gnu11;
				GCC_DYNAMIC_NO_PIC = NO;
				GCC_NO_COMMON_BLOCKS = YES;
				GCC_OPTIMIZATION_LEVEL = 0;
				GCC_PREPROCESSOR_DEFINITIONS = (
					"DEBUG=1",
					"$(inherited)",
				);
				GCC_WARN_64_TO_32_BIT_CONVERSION = YES;
				GCC_WARN_ABOUT_RETURN_TYPE = YES_ERROR;
				GCC_WARN_UNDECLARED_SELECTOR = YES;
				GCC_WARN_UNINITIALIZED_AUTOS = YES_AGGRESSIVE;
				GCC_WARN_UNUSED_FUNCTION = YES;
				GCC_WARN_UNUSED_VARIABLE = YES;
				IPHONEOS_DEPLOYMENT_TARGET = 14.5;
				MTL_ENABLE_DEBUG_INFO = INCLUDE_SOURCE;
				MTL_FAST_MATH = YES;
				ONLY_ACTIVE_ARCH = YES;
				SDKROOT = iphoneos;
				SWIFT_ACTIVE_COMPILATION_CONDITIONS = DEBUG;
				SWIFT_OPTIMIZATION_LEVEL = "-Onone";
			};
			name = Debug;
		};
		A59FE65926C7CBA4005F2BCC /* Release */ = {
			isa = XCBuildConfiguration;
			buildSettings = {
				ALWAYS_SEARCH_USER_PATHS = NO;
				CLANG_ANALYZER_NONNULL = YES;
				CLANG_ANALYZER_NUMBER_OBJECT_CONVERSION = YES_AGGRESSIVE;
				CLANG_CXX_LANGUAGE_STANDARD = "gnu++14";
				CLANG_CXX_LIBRARY = "libc++";
				CLANG_ENABLE_MODULES = YES;
				CLANG_ENABLE_OBJC_ARC = YES;
				CLANG_ENABLE_OBJC_WEAK = YES;
				CLANG_WARN_BLOCK_CAPTURE_AUTORELEASING = YES;
				CLANG_WARN_BOOL_CONVERSION = YES;
				CLANG_WARN_COMMA = YES;
				CLANG_WARN_CONSTANT_CONVERSION = YES;
				CLANG_WARN_DEPRECATED_OBJC_IMPLEMENTATIONS = YES;
				CLANG_WARN_DIRECT_OBJC_ISA_USAGE = YES_ERROR;
				CLANG_WARN_DOCUMENTATION_COMMENTS = YES;
				CLANG_WARN_EMPTY_BODY = YES;
				CLANG_WARN_ENUM_CONVERSION = YES;
				CLANG_WARN_INFINITE_RECURSION = YES;
				CLANG_WARN_INT_CONVERSION = YES;
				CLANG_WARN_NON_LITERAL_NULL_CONVERSION = YES;
				CLANG_WARN_OBJC_IMPLICIT_RETAIN_SELF = YES;
				CLANG_WARN_OBJC_LITERAL_CONVERSION = YES;
				CLANG_WARN_OBJC_ROOT_CLASS = YES_ERROR;
				CLANG_WARN_QUOTED_INCLUDE_IN_FRAMEWORK_HEADER = YES;
				CLANG_WARN_RANGE_LOOP_ANALYSIS = YES;
				CLANG_WARN_STRICT_PROTOTYPES = YES;
				CLANG_WARN_SUSPICIOUS_MOVE = YES;
				CLANG_WARN_UNGUARDED_AVAILABILITY = YES_AGGRESSIVE;
				CLANG_WARN_UNREACHABLE_CODE = YES;
				CLANG_WARN__DUPLICATE_METHOD_MATCH = YES;
				COPY_PHASE_STRIP = NO;
				DEBUG_INFORMATION_FORMAT = "dwarf-with-dsym";
				ENABLE_NS_ASSERTIONS = NO;
				ENABLE_STRICT_OBJC_MSGSEND = YES;
				GCC_C_LANGUAGE_STANDARD = gnu11;
				GCC_NO_COMMON_BLOCKS = YES;
				GCC_WARN_64_TO_32_BIT_CONVERSION = YES;
				GCC_WARN_ABOUT_RETURN_TYPE = YES_ERROR;
				GCC_WARN_UNDECLARED_SELECTOR = YES;
				GCC_WARN_UNINITIALIZED_AUTOS = YES_AGGRESSIVE;
				GCC_WARN_UNUSED_FUNCTION = YES;
				GCC_WARN_UNUSED_VARIABLE = YES;
				IPHONEOS_DEPLOYMENT_TARGET = 14.5;
				MTL_ENABLE_DEBUG_INFO = NO;
				MTL_FAST_MATH = YES;
				SDKROOT = iphoneos;
				SWIFT_COMPILATION_MODE = wholemodule;
				SWIFT_OPTIMIZATION_LEVEL = "-O";
				VALIDATE_PRODUCT = YES;
			};
			name = Release;
		};
		A59FE65B26C7CBA4005F2BCC /* Debug */ = {
			isa = XCBuildConfiguration;
			buildSettings = {
				ASSETCATALOG_COMPILER_APPICON_NAME = AppIcon;
				ASSETCATALOG_COMPILER_GLOBAL_ACCENT_COLOR_NAME = AccentColor;
				CODE_SIGN_STYLE = Automatic;
				DEVELOPMENT_ASSET_PATHS = "\"Tetopi/Preview Content\"";
				DEVELOPMENT_TEAM = K5235MUW9G;
				ENABLE_PREVIEWS = YES;
				INFOPLIST_FILE = Tetopi/Info.plist;
				IPHONEOS_DEPLOYMENT_TARGET = 14.0;
				LD_RUNPATH_SEARCH_PATHS = (
					"$(inherited)",
					"@executable_path/Frameworks",
				);
				PRODUCT_BUNDLE_IDENTIFIER = com.ruangaldo.Tetopi;
				PRODUCT_NAME = "$(TARGET_NAME)";
				SWIFT_VERSION = 5.0;
				TARGETED_DEVICE_FAMILY = "1,2";
			};
			name = Debug;
		};
		A59FE65C26C7CBA4005F2BCC /* Release */ = {
			isa = XCBuildConfiguration;
			buildSettings = {
				ASSETCATALOG_COMPILER_APPICON_NAME = AppIcon;
				ASSETCATALOG_COMPILER_GLOBAL_ACCENT_COLOR_NAME = AccentColor;
				CODE_SIGN_STYLE = Automatic;
				DEVELOPMENT_ASSET_PATHS = "\"Tetopi/Preview Content\"";
				DEVELOPMENT_TEAM = K5235MUW9G;
				ENABLE_PREVIEWS = YES;
				INFOPLIST_FILE = Tetopi/Info.plist;
				IPHONEOS_DEPLOYMENT_TARGET = 14.0;
				LD_RUNPATH_SEARCH_PATHS = (
					"$(inherited)",
					"@executable_path/Frameworks",
				);
				PRODUCT_BUNDLE_IDENTIFIER = com.ruangaldo.Tetopi;
				PRODUCT_NAME = "$(TARGET_NAME)";
				SWIFT_VERSION = 5.0;
				TARGETED_DEVICE_FAMILY = "1,2";
			};
			name = Release;
		};
		A59FE65E26C7CBA4005F2BCC /* Debug */ = {
			isa = XCBuildConfiguration;
			buildSettings = {
				ALWAYS_EMBED_SWIFT_STANDARD_LIBRARIES = YES;
				BUNDLE_LOADER = "$(TEST_HOST)";
				CODE_SIGN_STYLE = Automatic;
				DEVELOPMENT_TEAM = K5235MUW9G;
				INFOPLIST_FILE = TetopiTests/Info.plist;
				IPHONEOS_DEPLOYMENT_TARGET = 14.0;
				LD_RUNPATH_SEARCH_PATHS = (
					"$(inherited)",
					"@executable_path/Frameworks",
					"@loader_path/Frameworks",
				);
				PRODUCT_BUNDLE_IDENTIFIER = com.ruangaldo.TetopiTests;
				PRODUCT_NAME = "$(TARGET_NAME)";
				SWIFT_VERSION = 5.0;
				TARGETED_DEVICE_FAMILY = "1,2";
				TEST_HOST = "$(BUILT_PRODUCTS_DIR)/Tetopi.app/Tetopi";
			};
			name = Debug;
		};
		A59FE65F26C7CBA4005F2BCC /* Release */ = {
			isa = XCBuildConfiguration;
			buildSettings = {
				ALWAYS_EMBED_SWIFT_STANDARD_LIBRARIES = YES;
				BUNDLE_LOADER = "$(TEST_HOST)";
				CODE_SIGN_STYLE = Automatic;
				DEVELOPMENT_TEAM = K5235MUW9G;
				INFOPLIST_FILE = TetopiTests/Info.plist;
				IPHONEOS_DEPLOYMENT_TARGET = 14.0;
				LD_RUNPATH_SEARCH_PATHS = (
					"$(inherited)",
					"@executable_path/Frameworks",
					"@loader_path/Frameworks",
				);
				PRODUCT_BUNDLE_IDENTIFIER = com.ruangaldo.TetopiTests;
				PRODUCT_NAME = "$(TARGET_NAME)";
				SWIFT_VERSION = 5.0;
				TARGETED_DEVICE_FAMILY = "1,2";
				TEST_HOST = "$(BUILT_PRODUCTS_DIR)/Tetopi.app/Tetopi";
			};
			name = Release;
		};
		A59FE66126C7CBA4005F2BCC /* Debug */ = {
			isa = XCBuildConfiguration;
			buildSettings = {
				ALWAYS_EMBED_SWIFT_STANDARD_LIBRARIES = YES;
				CODE_SIGN_STYLE = Automatic;
				DEVELOPMENT_TEAM = K5235MUW9G;
				INFOPLIST_FILE = TetopiUITests/Info.plist;
				LD_RUNPATH_SEARCH_PATHS = (
					"$(inherited)",
					"@executable_path/Frameworks",
					"@loader_path/Frameworks",
				);
				PRODUCT_BUNDLE_IDENTIFIER = com.ruangaldo.TetopiUITests;
				PRODUCT_NAME = "$(TARGET_NAME)";
				SWIFT_VERSION = 5.0;
				TARGETED_DEVICE_FAMILY = "1,2";
				TEST_TARGET_NAME = Tetopi;
			};
			name = Debug;
		};
		A59FE66226C7CBA4005F2BCC /* Release */ = {
			isa = XCBuildConfiguration;
			buildSettings = {
				ALWAYS_EMBED_SWIFT_STANDARD_LIBRARIES = YES;
				CODE_SIGN_STYLE = Automatic;
				DEVELOPMENT_TEAM = K5235MUW9G;
				INFOPLIST_FILE = TetopiUITests/Info.plist;
				LD_RUNPATH_SEARCH_PATHS = (
					"$(inherited)",
					"@executable_path/Frameworks",
					"@loader_path/Frameworks",
				);
				PRODUCT_BUNDLE_IDENTIFIER = com.ruangaldo.TetopiUITests;
				PRODUCT_NAME = "$(TARGET_NAME)";
				SWIFT_VERSION = 5.0;
				TARGETED_DEVICE_FAMILY = "1,2";
				TEST_TARGET_NAME = Tetopi;
			};
			name = Release;
		};
/* End XCBuildConfiguration section */

/* Begin XCConfigurationList section */
		A59FE63026C7CBA1005F2BCC /* Build configuration list for PBXProject "Tetopi" */ = {
			isa = XCConfigurationList;
			buildConfigurations = (
				A59FE65826C7CBA4005F2BCC /* Debug */,
				A59FE65926C7CBA4005F2BCC /* Release */,
			);
			defaultConfigurationIsVisible = 0;
			defaultConfigurationName = Release;
		};
		A59FE65A26C7CBA4005F2BCC /* Build configuration list for PBXNativeTarget "Tetopi" */ = {
			isa = XCConfigurationList;
			buildConfigurations = (
				A59FE65B26C7CBA4005F2BCC /* Debug */,
				A59FE65C26C7CBA4005F2BCC /* Release */,
			);
			defaultConfigurationIsVisible = 0;
			defaultConfigurationName = Release;
		};
		A59FE65D26C7CBA4005F2BCC /* Build configuration list for PBXNativeTarget "TetopiTests" */ = {
			isa = XCConfigurationList;
			buildConfigurations = (
				A59FE65E26C7CBA4005F2BCC /* Debug */,
				A59FE65F26C7CBA4005F2BCC /* Release */,
			);
			defaultConfigurationIsVisible = 0;
			defaultConfigurationName = Release;
		};
		A59FE66026C7CBA4005F2BCC /* Build configuration list for PBXNativeTarget "TetopiUITests" */ = {
			isa = XCConfigurationList;
			buildConfigurations = (
				A59FE66126C7CBA4005F2BCC /* Debug */,
				A59FE66226C7CBA4005F2BCC /* Release */,
			);
			defaultConfigurationIsVisible = 0;
			defaultConfigurationName = Release;
		};
/* End XCConfigurationList section */
	};
	rootObject = A59FE62D26C7CBA1005F2BCC /* Project object */;
}
